// !$*UTF8*$!
{
	archiveVersion = 1;
	classes = {
	};
	objectVersion = 50;
	objects = {

/* Begin PBXBuildFile section */
		D9018A8128983EE800A70BDA /* AppDelegate.swift in Sources */ = {isa = PBXBuildFile; fileRef = D9018A8028983EE800A70BDA /* AppDelegate.swift */; };
		D9018A8328983EE800A70BDA /* SceneDelegate.swift in Sources */ = {isa = PBXBuildFile; fileRef = D9018A8228983EE800A70BDA /* SceneDelegate.swift */; };
		D9018A8528983EE800A70BDA /* TimeViewController.swift in Sources */ = {isa = PBXBuildFile; fileRef = D9018A8428983EE800A70BDA /* TimeViewController.swift */; };
		D9018A8828983EE800A70BDA /* Main.storyboard in Resources */ = {isa = PBXBuildFile; fileRef = D9018A8628983EE800A70BDA /* Main.storyboard */; };
		D9018A8A28983EEA00A70BDA /* Assets.xcassets in Resources */ = {isa = PBXBuildFile; fileRef = D9018A8928983EEA00A70BDA /* Assets.xcassets */; };
		D9018A8D28983EEA00A70BDA /* LaunchScreen.storyboard in Resources */ = {isa = PBXBuildFile; fileRef = D9018A8B28983EEA00A70BDA /* LaunchScreen.storyboard */; };
		D9191F88289AC47900F9751C /* TimeManager.swift in Sources */ = {isa = PBXBuildFile; fileRef = D9191F87289AC47900F9751C /* TimeManager.swift */; };
/* End PBXBuildFile section */

/* Begin PBXFileReference section */
		D9018A7D28983EE800A70BDA /* PrayerApp.app */ = {isa = PBXFileReference; explicitFileType = wrapper.application; includeInIndex = 0; path = PrayerApp.app; sourceTree = BUILT_PRODUCTS_DIR; };
		D9018A8028983EE800A70BDA /* AppDelegate.swift */ = {isa = PBXFileReference; lastKnownFileType = sourcecode.swift; path = AppDelegate.swift; sourceTree = "<group>"; };
		D9018A8228983EE800A70BDA /* SceneDelegate.swift */ = {isa = PBXFileReference; lastKnownFileType = sourcecode.swift; path = SceneDelegate.swift; sourceTree = "<group>"; };
		D9018A8428983EE800A70BDA /* TimeViewController.swift */ = {isa = PBXFileReference; lastKnownFileType = sourcecode.swift; path = TimeViewController.swift; sourceTree = "<group>"; };
		D9018A8728983EE800A70BDA /* Base */ = {isa = PBXFileReference; lastKnownFileType = file.storyboard; name = Base; path = Base.lproj/Main.storyboard; sourceTree = "<group>"; };
		D9018A8928983EEA00A70BDA /* Assets.xcassets */ = {isa = PBXFileReference; lastKnownFileType = folder.assetcatalog; path = Assets.xcassets; sourceTree = "<group>"; };
		D9018A8C28983EEA00A70BDA /* Base */ = {isa = PBXFileReference; lastKnownFileType = file.storyboard; name = Base; path = Base.lproj/LaunchScreen.storyboard; sourceTree = "<group>"; };
		D9018A8E28983EEA00A70BDA /* Info.plist */ = {isa = PBXFileReference; lastKnownFileType = text.plist.xml; path = Info.plist; sourceTree = "<group>"; };
		D9191F87289AC47900F9751C /* TimeManager.swift */ = {isa = PBXFileReference; lastKnownFileType = sourcecode.swift; path = TimeManager.swift; sourceTree = "<group>"; };
/* End PBXFileReference section */

/* Begin PBXFrameworksBuildPhase section */
		D9018A7A28983EE800A70BDA /* Frameworks */ = {
			isa = PBXFrameworksBuildPhase;
			buildActionMask = 2147483647;
			files = (
			);
			runOnlyForDeploymentPostprocessing = 0;
		};
/* End PBXFrameworksBuildPhase section */

/* Begin PBXGroup section */
		D9018A7428983EE800A70BDA = {
			isa = PBXGroup;
			children = (
				D9018A7F28983EE800A70BDA /* Namaz */,
				D9018A7E28983EE800A70BDA /* Products */,
			);
			sourceTree = "<group>";
		};
		D9018A7E28983EE800A70BDA /* Products */ = {
			isa = PBXGroup;
			children = (
				D9018A7D28983EE800A70BDA /* PrayerApp.app */,
			);
			name = Products;
			sourceTree = "<group>";
		};
		D9018A7F28983EE800A70BDA /* Namaz */ = {
			isa = PBXGroup;
			children = (
				D9018A8028983EE800A70BDA /* AppDelegate.swift */,
				D9018A8228983EE800A70BDA /* SceneDelegate.swift */,
				D9191F86289AC42B00F9751C /* Model */,
				D9191F83289AC3D400F9751C /* View */,
				D9191F85289AC40800F9751C /* Controller */,
				D9018A8928983EEA00A70BDA /* Assets.xcassets */,
				D9018A8B28983EEA00A70BDA /* LaunchScreen.storyboard */,
				D9018A8E28983EEA00A70BDA /* Info.plist */,
			);
			path = Namaz;
			sourceTree = "<group>";
		};
		D9191F83289AC3D400F9751C /* View */ = {
			isa = PBXGroup;
			children = (
				D9018A8628983EE800A70BDA /* Main.storyboard */,
			);
			path = View;
			sourceTree = "<group>";
		};
		D9191F85289AC40800F9751C /* Controller */ = {
			isa = PBXGroup;
			children = (
				D9018A8428983EE800A70BDA /* TimeViewController.swift */,
			);
			path = Controller;
			sourceTree = "<group>";
		};
		D9191F86289AC42B00F9751C /* Model */ = {
			isa = PBXGroup;
			children = (
				D9191F87289AC47900F9751C /* TimeManager.swift */,
			);
			path = Model;
			sourceTree = "<group>";
		};
/* End PBXGroup section */

/* Begin PBXNativeTarget section */
		D9018A7C28983EE800A70BDA /* PrayerApp */ = {
			isa = PBXNativeTarget;
			buildConfigurationList = D9018A9128983EEA00A70BDA /* Build configuration list for PBXNativeTarget "PrayerApp" */;
			buildPhases = (
				D9018A7928983EE800A70BDA /* Sources */,
				D9018A7A28983EE800A70BDA /* Frameworks */,
				D9018A7B28983EE800A70BDA /* Resources */,
			);
			buildRules = (
			);
			dependencies = (
			);
			name = PrayerApp;
			productName = Namaz;
			productReference = D9018A7D28983EE800A70BDA /* PrayerApp.app */;
			productType = "com.apple.product-type.application";
		};
/* End PBXNativeTarget section */

/* Begin PBXProject section */
		D9018A7528983EE800A70BDA /* Project object */ = {
			isa = PBXProject;
			attributes = {
				LastSwiftUpdateCheck = 1240;
				LastUpgradeCheck = 1240;
				TargetAttributes = {
					D9018A7C28983EE800A70BDA = {
						CreatedOnToolsVersion = 12.4;
					};
				};
			};
			buildConfigurationList = D9018A7828983EE800A70BDA /* Build configuration list for PBXProject "PrayerApp" */;
			compatibilityVersion = "Xcode 9.3";
			developmentRegion = en;
			hasScannedForEncodings = 0;
			knownRegions = (
				en,
				Base,
			);
			mainGroup = D9018A7428983EE800A70BDA;
			productRefGroup = D9018A7E28983EE800A70BDA /* Products */;
			projectDirPath = "";
			projectRoot = "";
			targets = (
				D9018A7C28983EE800A70BDA /* PrayerApp */,
			);
		};
/* End PBXProject section */

/* Begin PBXResourcesBuildPhase section */
		D9018A7B28983EE800A70BDA /* Resources */ = {
			isa = PBXResourcesBuildPhase;
			buildActionMask = 2147483647;
			files = (
				D9018A8D28983EEA00A70BDA /* LaunchScreen.storyboard in Resources */,
				D9018A8A28983EEA00A70BDA /* Assets.xcassets in Resources */,
				D9018A8828983EE800A70BDA /* Main.storyboard in Resources */,
			);
			runOnlyForDeploymentPostprocessing = 0;
		};
/* End PBXResourcesBuildPhase section */

/* Begin PBXSourcesBuildPhase section */
		D9018A7928983EE800A70BDA /* Sources */ = {
			isa = PBXSourcesBuildPhase;
			buildActionMask = 2147483647;
			files = (
				D9191F88289AC47900F9751C /* TimeManager.swift in Sources */,
				D9018A8528983EE800A70BDA /* TimeViewController.swift in Sources */,
				D9018A8128983EE800A70BDA /* AppDelegate.swift in Sources */,
				D9018A8328983EE800A70BDA /* SceneDelegate.swift in Sources */,
			);
			runOnlyForDeploymentPostprocessing = 0;
		};
/* End PBXSourcesBuildPhase section */

/* Begin PBXVariantGroup section */
		D9018A8628983EE800A70BDA /* Main.storyboard */ = {
			isa = PBXVariantGroup;
			children = (
				D9018A8728983EE800A70BDA /* Base */,
			);
			name = Main.storyboard;
			sourceTree = "<group>";
		};
		D9018A8B28983EEA00A70BDA /* LaunchScreen.storyboard */ = {
			isa = PBXVariantGroup;
			children = (
				D9018A8C28983EEA00A70BDA /* Base */,
			);
			name = LaunchScreen.storyboard;
			sourceTree = "<group>";
		};
/* End PBXVariantGroup section */

/* Begin XCBuildConfiguration section */
		D9018A8F28983EEA00A70BDA /* Debug */ = {
			isa = XCBuildConfiguration;
			buildSettings = {
				ALWAYS_SEARCH_USER_PATHS = NO;
				CLANG_ANALYZER_NONNULL = YES;
				CLANG_ANALYZER_NUMBER_OBJECT_CONVERSION = YES_AGGRESSIVE;
				CLANG_CXX_LANGUAGE_STANDARD = "gnu++14";
				CLANG_CXX_LIBRARY = "libc++";
				CLANG_ENABLE_MODULES = YES;
				CLANG_ENABLE_OBJC_ARC = YES;
				CLANG_ENABLE_OBJC_WEAK = YES;
				CLANG_WARN_BLOCK_CAPTURE_AUTORELEASING = YES;
				CLANG_WARN_BOOL_CONVERSION = YES;
				CLANG_WARN_COMMA = YES;
				CLANG_WARN_CONSTANT_CONVERSION = YES;
				CLANG_WARN_DEPRECATED_OBJC_IMPLEMENTATIONS = YES;
				CLANG_WARN_DIRECT_OBJC_ISA_USAGE = YES_ERROR;
				CLANG_WARN_DOCUMENTATION_COMMENTS = YES;
				CLANG_WARN_EMPTY_BODY = YES;
				CLANG_WARN_ENUM_CONVERSION = YES;
				CLANG_WARN_INFINITE_RECURSION = YES;
				CLANG_WARN_INT_CONVERSION = YES;
				CLANG_WARN_NON_LITERAL_NULL_CONVERSION = YES;
				CLANG_WARN_OBJC_IMPLICIT_RETAIN_SELF = YES;
				CLANG_WARN_OBJC_LITERAL_CONVERSION = YES;
				CLANG_WARN_OBJC_ROOT_CLASS = YES_ERROR;
				CLANG_WARN_QUOTED_INCLUDE_IN_FRAMEWORK_HEADER = YES;
				CLANG_WARN_RANGE_LOOP_ANALYSIS = YES;
				CLANG_WARN_STRICT_PROTOTYPES = YES;
				CLANG_WARN_SUSPICIOUS_MOVE = YES;
				CLANG_WARN_UNGUARDED_AVAILABILITY = YES_AGGRESSIVE;
				CLANG_WARN_UNREACHABLE_CODE = YES;
				CLANG_WARN__DUPLICATE_METHOD_MATCH = YES;
				COPY_PHASE_STRIP = NO;
				DEBUG_INFORMATION_FORMAT = dwarf;
				ENABLE_STRICT_OBJC_MSGSEND = YES;
				ENABLE_TESTABILITY = YES;
				GCC_C_LANGUAGE_STANDARD = gnu11;
				GCC_DYNAMIC_NO_PIC = NO;
				GCC_NO_COMMON_BLOCKS = YES;
				GCC_OPTIMIZATION_LEVEL = 0;
				GCC_PREPROCESSOR_DEFINITIONS = (
					"DEBUG=1",
					"$(inherited)",
				);
				GCC_WARN_64_TO_32_BIT_CONVERSION = YES;
				GCC_WARN_ABOUT_RETURN_TYPE = YES_ERROR;
				GCC_WARN_UNDECLARED_SELECTOR = YES;
				GCC_WARN_UNINITIALIZED_AUTOS = YES_AGGRESSIVE;
				GCC_WARN_UNUSED_FUNCTION = YES;
				GCC_WARN_UNUSED_VARIABLE = YES;
				IPHONEOS_DEPLOYMENT_TARGET = 14.4;
				MTL_ENABLE_DEBUG_INFO = INCLUDE_SOURCE;
				MTL_FAST_MATH = YES;
				ONLY_ACTIVE_ARCH = YES;
				SDKROOT = iphoneos;
				SWIFT_ACTIVE_COMPILATION_CONDITIONS = DEBUG;
				SWIFT_OPTIMIZATION_LEVEL = "-Onone";
			};
			name = Debug;
		};
		D9018A9028983EEA00A70BDA /* Release */ = {
			isa = XCBuildConfiguration;
			buildSettings = {
				ALWAYS_SEARCH_USER_PATHS = NO;
				CLANG_ANALYZER_NONNULL = YES;
				CLANG_ANALYZER_NUMBER_OBJECT_CONVERSION = YES_AGGRESSIVE;
				CLANG_CXX_LANGUAGE_STANDARD = "gnu++14";
				CLANG_CXX_LIBRARY = "libc++";
				CLANG_ENABLE_MODULES = YES;
				CLANG_ENABLE_OBJC_ARC = YES;
				CLANG_ENABLE_OBJC_WEAK = YES;
				CLANG_WARN_BLOCK_CAPTURE_AUTORELEASING = YES;
				CLANG_WARN_BOOL_CONVERSION = YES;
				CLANG_WARN_COMMA = YES;
				CLANG_WARN_CONSTANT_CONVERSION = YES;
				CLANG_WARN_DEPRECATED_OBJC_IMPLEMENTATIONS = YES;
				CLANG_WARN_DIRECT_OBJC_ISA_USAGE = YES_ERROR;
				CLANG_WARN_DOCUMENTATION_COMMENTS = YES;
				CLANG_WARN_EMPTY_BODY = YES;
				CLANG_WARN_ENUM_CONVERSION = YES;
				CLANG_WARN_INFINITE_RECURSION = YES;
				CLANG_WARN_INT_CONVERSION = YES;
				CLANG_WARN_NON_LITERAL_NULL_CONVERSION = YES;
				CLANG_WARN_OBJC_IMPLICIT_RETAIN_SELF = YES;
				CLANG_WARN_OBJC_LITERAL_CONVERSION = YES;
				CLANG_WARN_OBJC_ROOT_CLASS = YES_ERROR;
				CLANG_WARN_QUOTED_INCLUDE_IN_FRAMEWORK_HEADER = YES;
				CLANG_WARN_RANGE_LOOP_ANALYSIS = YES;
				CLANG_WARN_STRICT_PROTOTYPES = YES;
				CLANG_WARN_SUSPICIOUS_MOVE = YES;
				CLANG_WARN_UNGUARDED_AVAILABILITY = YES_AGGRESSIVE;
				CLANG_WARN_UNREACHABLE_CODE = YES;
				CLANG_WARN__DUPLICATE_METHOD_MATCH = YES;
				COPY_PHASE_STRIP = NO;
				DEBUG_INFORMATION_FORMAT = "dwarf-with-dsym";
				ENABLE_NS_ASSERTIONS = NO;
				ENABLE_STRICT_OBJC_MSGSEND = YES;
				GCC_C_LANGUAGE_STANDARD = gnu11;
				GCC_NO_COMMON_BLOCKS = YES;
				GCC_WARN_64_TO_32_BIT_CONVERSION = YES;
				GCC_WARN_ABOUT_RETURN_TYPE = YES_ERROR;
				GCC_WARN_UNDECLARED_SELECTOR = YES;
				GCC_WARN_UNINITIALIZED_AUTOS = YES_AGGRESSIVE;
				GCC_WARN_UNUSED_FUNCTION = YES;
				GCC_WARN_UNUSED_VARIABLE = YES;
				IPHONEOS_DEPLOYMENT_TARGET = 14.4;
				MTL_ENABLE_DEBUG_INFO = NO;
				MTL_FAST_MATH = YES;
				SDKROOT = iphoneos;
				SWIFT_COMPILATION_MODE = wholemodule;
				SWIFT_OPTIMIZATION_LEVEL = "-O";
				VALIDATE_PRODUCT = YES;
			};
			name = Release;
		};
		D9018A9228983EEA00A70BDA /* Debug */ = {
			isa = XCBuildConfiguration;
			buildSettings = {
				ASSETCATALOG_COMPILER_APPICON_NAME = AppIcon;
				ASSETCATALOG_COMPILER_GLOBAL_ACCENT_COLOR_NAME = AccentColor;
				CODE_SIGN_STYLE = Automatic;
				DEVELOPMENT_TEAM = R7SJM74FCY;
				INFOPLIST_FILE = Namaz/Info.plist;
				LD_RUNPATH_SEARCH_PATHS = (
					"$(inherited)",
					"@executable_path/Frameworks",
				);
				PRODUCT_BUNDLE_IDENTIFIER = com.baurrm.Namaz;
				PRODUCT_NAME = PrayerApp;
				SWIFT_VERSION = 5.0;
				TARGETED_DEVICE_FAMILY = "1,2";
			};
			name = Debug;
		};
		D9018A9328983EEA00A70BDA /* Release */ = {
			isa = XCBuildConfiguration;
			buildSettings = {
				ASSETCATALOG_COMPILER_APPICON_NAME = AppIcon;
				ASSETCATALOG_COMPILER_GLOBAL_ACCENT_COLOR_NAME = AccentColor;
				CODE_SIGN_STYLE = Automatic;
				DEVELOPMENT_TEAM = R7SJM74FCY;
				INFOPLIST_FILE = Namaz/Info.plist;
				LD_RUNPATH_SEARCH_PATHS = (
					"$(inherited)",
					"@executable_path/Frameworks",
				);
				PRODUCT_BUNDLE_IDENTIFIER = com.baurrm.Namaz;
				PRODUCT_NAME = PrayerApp;
				SWIFT_VERSION = 5.0;
				TARGETED_DEVICE_FAMILY = "1,2";
			};
			name = Release;
		};
/* End XCBuildConfiguration section */

/* Begin XCConfigurationList section */
		D9018A7828983EE800A70BDA /* Build configuration list for PBXProject "PrayerApp" */ = {
			isa = XCConfigurationList;
			buildConfigurations = (
				D9018A8F28983EEA00A70BDA /* Debug */,
				D9018A9028983EEA00A70BDA /* Release */,
			);
			defaultConfigurationIsVisible = 0;
			defaultConfigurationName = Release;
		};
		D9018A9128983EEA00A70BDA /* Build configuration list for PBXNativeTarget "PrayerApp" */ = {
			isa = XCConfigurationList;
			buildConfigurations = (
				D9018A9228983EEA00A70BDA /* Debug */,
				D9018A9328983EEA00A70BDA /* Release */,
			);
			defaultConfigurationIsVisible = 0;
			defaultConfigurationName = Release;
		};
/* End XCConfigurationList section */
	};
	rootObject = D9018A7528983EE800A70BDA /* Project object */;
}
